
Microsoft Visual Studio Solution File, Format Version 12.00
# Visual Studio Version 16
VisualStudioVersion = 16.0.30804.86
MinimumVisualStudioVersion = 10.0.40219.1
Project("{FAE04EC0-301F-11D3-BF4B-00C04F79EFBC}") = "MongoReception.WebApi", "src\MongoReception.WebApi\MongoReception.WebApi.csproj", "{17B165FE-DDC9-4758-B3EA-CEB9A65EFE4B}"
EndProject
Project("{2150E333-8FDC-42A3-9474-1A3956D46DE8}") = "src", "src", "{87912ED7-0A65-4234-9DFA-313230FB84E8}"
EndProject
Global
	GlobalSection(SolutionConfigurationPlatforms) = preSolution
		Debug|Any CPU = Debug|Any CPU
		Release|Any CPU = Release|Any CPU
	EndGlobalSection
	GlobalSection(ProjectConfigurationPlatforms) = postSolution
		{17B165FE-DDC9-4758-B3EA-CEB9A65EFE4B}.Debug|Any CPU.ActiveCfg = Debug|Any CPU
		{17B165FE-DDC9-4758-B3EA-CEB9A65EFE4B}.Debug|Any CPU.Build.0 = Debug|Any CPU
		{17B165FE-DDC9-4758-B3EA-CEB9A65EFE4B}.Release|Any CPU.ActiveCfg = Release|Any CPU
		{17B165FE-DDC9-4758-B3EA-CEB9A65EFE4B}.Release|Any CPU.Build.0 = Release|Any CPU
	EndGlobalSection
	GlobalSection(SolutionProperties) = preSolution
		HideSolutionNode = FALSE
	EndGlobalSection
	GlobalSection(NestedProjects) = preSolution
		{17B165FE-DDC9-4758-B3EA-CEB9A65EFE4B} = {87912ED7-0A65-4234-9DFA-313230FB84E8}
	EndGlobalSection
	GlobalSection(ExtensibilityGlobals) = postSolution
		SolutionGuid = {4449419E-D7B8-420D-B9B6-8CAEAA4489F7}
	EndGlobalSection
EndGlobal
